
Microsoft Visual Studio Solution File, Format Version 12.00
# Visual Studio Version 17
VisualStudioVersion = 17.5.002.0
MinimumVisualStudioVersion = 10.0.40219.1
Project("{9A19103F-16F7-4668-BE54-9A1E7A4F7556}") = "PROJETOSCSHARP", "PROJETOSCSHARP.csproj", "{AF939ACB-DBDB-4C45-9EB7-E28334C96260}"
EndProject
Global
	GlobalSection(SolutionConfigurationPlatforms) = preSolution
		Debug|Any CPU = Debug|Any CPU
		Release|Any CPU = Release|Any CPU
	EndGlobalSection
	GlobalSection(ProjectConfigurationPlatforms) = postSolution
		{AF939ACB-DBDB-4C45-9EB7-E28334C96260}.Debug|Any CPU.ActiveCfg = Debug|Any CPU
		{AF939ACB-DBDB-4C45-9EB7-E28334C96260}.Debug|Any CPU.Build.0 = Debug|Any CPU
		{AF939ACB-DBDB-4C45-9EB7-E28334C96260}.Release|Any CPU.ActiveCfg = Release|Any CPU
		{AF939ACB-DBDB-4C45-9EB7-E28334C96260}.Release|Any CPU.Build.0 = Release|Any CPU
	EndGlobalSection
	GlobalSection(SolutionProperties) = preSolution
		HideSolutionNode = FALSE
	EndGlobalSection
	GlobalSection(ExtensibilityGlobals) = postSolution
		SolutionGuid = {E169CD9C-5E98-477D-9AA4-6D715B4A6B13}
	EndGlobalSection
EndGlobal
